# This is a Gradle generated file for dependency locking.
# Manual edits can break the build and are not advised.
# This file is expected to be part of source control.
androidx.activity:activity-compose:1.11.0=baseDebugAndroidTestCompileClasspath,baseDebugCompileClasspath,baseDebugRuntimeClasspath,baseDebugUnitTestCompileClasspath,baseDebugUnitTestRuntimeClasspath,debugAndroidTestCompileClasspath,debugCompileClasspath,debugLintChecksClasspath,debugRuntimeClasspath,debugUnitTestCompileClasspath,debugUnitTestRuntimeClasspath
androidx.activity:activity-ktx:1.11.0=baseDebugRuntimeClasspath,baseDebugUnitTestRuntimeClasspath,debugLintChecksClasspath,debugRuntimeClasspath,debugUnitTestRuntimeClasspath
androidx.activity:activity:1.11.0=baseDebugAndroidTestCompileClasspath,baseDebugCompileClasspath,baseDebugRuntimeClasspath,baseDebugUnitTestCompileClasspath,baseDebugUnitTestRuntimeClasspath,debugAndroidTestCompileClasspath,debugCompileClasspath,debugLintChecksClasspath,debugRuntimeClasspath,debugUnitTestCompileClasspath,debugUnitTestRuntimeClasspath
androidx.annotation:annotation-experimental:1.4.1=baseDebugAndroidTestCompileClasspath,baseDebugCompileClasspath,baseDebugUnitTestCompileClasspath,debugAndroidTestCompileClasspath,debugCompileClasspath,debugLintChecksClasspath,debugRuntimeClasspath,debugUnitTestCompileClasspath,debugUnitTestRuntimeClasspath
androidx.annotation:annotation-experimental:1.5.0=baseDebugRuntimeClasspath,baseDebugUnitTestRuntimeClasspath
androidx.annotation:annotation-jvm:1.9.1=baseDebugAndroidTestCompileClasspath,baseDebugAndroidTestRuntimeClasspath,baseDebugAnnotationProcessorClasspath,baseDebugCompileClasspath,baseDebugRuntimeClasspath,baseDebugUnitTestCompileClasspath,baseDebugUnitTestRuntimeClasspath,debugAndroidTestCompileClasspath,debugAndroidTestRuntimeClasspath,debugCompileClasspath,debugLintChecksClasspath,debugRuntimeClasspath,debugUnitTestCompileClasspath,debugUnitTestRuntimeClasspath
androidx.annotation:annotation:1.9.1=baseDebugAndroidTestCompileClasspath,baseDebugAndroidTestRuntimeClasspath,baseDebugAnnotationProcessorClasspath,baseDebugCompileClasspath,baseDebugRuntimeClasspath,baseDebugUnitTestCompileClasspath,baseDebugUnitTestRuntimeClasspath,debugAndroidTestCompileClasspath,debugAndroidTestRuntimeClasspath,debugCompileClasspath,debugLintChecksClasspath,debugRuntimeClasspath,debugUnitTestCompileClasspath,debugUnitTestRuntimeClasspath
androidx.arch.core:core-common:2.2.0=baseDebugAndroidTestCompileClasspath,baseDebugCompileClasspath,baseDebugRuntimeClasspath,baseDebugUnitTestCompileClasspath,baseDebugUnitTestRuntimeClasspath,debugAndroidTestCompileClasspath,debugCompileClasspath,debugLintChecksClasspath,debugRuntimeClasspath,debugUnitTestCompileClasspath,debugUnitTestRuntimeClasspath
androidx.arch.core:core-runtime:2.2.0=baseDebugRuntimeClasspath,baseDebugUnitTestRuntimeClasspath,debugLintChecksClasspath,debugRuntimeClasspath,debugUnitTestRuntimeClasspath
androidx.autofill:autofill:1.0.0=baseDebugRuntimeClasspath,baseDebugUnitTestRuntimeClasspath,debugLintChecksClasspath,debugRuntimeClasspath,debugUnitTestRuntimeClasspath
androidx.collection:collection-jvm:1.5.0=baseDebugAndroidTestCompileClasspath,baseDebugCompileClasspath,baseDebugRuntimeClasspath,baseDebugUnitTestCompileClasspath,baseDebugUnitTestRuntimeClasspath,debugAndroidTestCompileClasspath,debugCompileClasspath,debugLintChecksClasspath,debugRuntimeClasspath,debugUnitTestCompileClasspath,debugUnitTestRuntimeClasspath
androidx.collection:collection-ktx:1.5.0=baseDebugRuntimeClasspath,baseDebugUnitTestRuntimeClasspath,debugLintChecksClasspath,debugRuntimeClasspath,debugUnitTestRuntimeClasspath
androidx.collection:collection:1.5.0=baseDebugAndroidTestCompileClasspath,baseDebugCompileClasspath,baseDebugRuntimeClasspath,baseDebugUnitTestCompileClasspath,baseDebugUnitTestRuntimeClasspath,debugAndroidTestCompileClasspath,debugCompileClasspath,debugLintChecksClasspath,debugRuntimeClasspath,debugUnitTestCompileClasspath,debugUnitTestRuntimeClasspath
androidx.compose.animation:animation-android:1.9.2=baseDebugAndroidTestCompileClasspath,baseDebugCompileClasspath,baseDebugRuntimeClasspath,baseDebugUnitTestCompileClasspath,baseDebugUnitTestRuntimeClasspath,debugAndroidTestCompileClasspath,debugCompileClasspath,debugLintChecksClasspath,debugRuntimeClasspath,debugUnitTestCompileClasspath,debugUnitTestRuntimeClasspath
androidx.compose.animation:animation-core-android:1.9.2=baseDebugAndroidTestCompileClasspath,baseDebugCompileClasspath,baseDebugRuntimeClasspath,baseDebugUnitTestCompileClasspath,baseDebugUnitTestRuntimeClasspath,debugAndroidTestCompileClasspath,debugCompileClasspath,debugLintChecksClasspath,debugRuntimeClasspath,debugUnitTestCompileClasspath,debugUnitTestRuntimeClasspath
androidx.compose.animation:animation-core:1.9.2=baseDebugAndroidTestCompileClasspath,baseDebugCompileClasspath,baseDebugRuntimeClasspath,baseDebugUnitTestCompileClasspath,baseDebugUnitTestRuntimeClasspath,debugAndroidTestCompileClasspath,debugCompileClasspath,debugLintChecksClasspath,debugRuntimeClasspath,debugUnitTestCompileClasspath,debugUnitTestRuntimeClasspath
androidx.compose.animation:animation:1.9.2=baseDebugAndroidTestCompileClasspath,baseDebugCompileClasspath,baseDebugRuntimeClasspath,baseDebugUnitTestCompileClasspath,baseDebugUnitTestRuntimeClasspath,debugAndroidTestCompileClasspath,debugCompileClasspath,debugLintChecksClasspath,debugRuntimeClasspath,debugUnitTestCompileClasspath,debugUnitTestRuntimeClasspath
androidx.compose.foundation:foundation-android:1.9.2=baseDebugAndroidTestCompileClasspath,baseDebugCompileClasspath,baseDebugRuntimeClasspath,baseDebugUnitTestCompileClasspath,baseDebugUnitTestRuntimeClasspath,debugAndroidTestCompileClasspath,debugCompileClasspath,debugLintChecksClasspath,debugRuntimeClasspath,debugUnitTestCompileClasspath,debugUnitTestRuntimeClasspath
androidx.compose.foundation:foundation-layout-android:1.9.2=baseDebugAndroidTestCompileClasspath,baseDebugCompileClasspath,baseDebugRuntimeClasspath,baseDebugUnitTestCompileClasspath,baseDebugUnitTestRuntimeClasspath,debugAndroidTestCompileClasspath,debugCompileClasspath,debugLintChecksClasspath,debugRuntimeClasspath,debugUnitTestCompileClasspath,debugUnitTestRuntimeClasspath
androidx.compose.foundation:foundation-layout:1.9.2=baseDebugAndroidTestCompileClasspath,baseDebugCompileClasspath,baseDebugRuntimeClasspath,baseDebugUnitTestCompileClasspath,baseDebugUnitTestRuntimeClasspath,debugAndroidTestCompileClasspath,debugCompileClasspath,debugLintChecksClasspath,debugRuntimeClasspath,debugUnitTestCompileClasspath,debugUnitTestRuntimeClasspath
androidx.compose.foundation:foundation:1.9.2=baseDebugAndroidTestCompileClasspath,baseDebugCompileClasspath,baseDebugRuntimeClasspath,baseDebugUnitTestCompileClasspath,baseDebugUnitTestRuntimeClasspath,debugAndroidTestCompileClasspath,debugCompileClasspath,debugLintChecksClasspath,debugRuntimeClasspath,debugUnitTestCompileClasspath,debugUnitTestRuntimeClasspath
androidx.compose.material3:material3-android:1.4.0=baseDebugAndroidTestCompileClasspath,baseDebugCompileClasspath,baseDebugRuntimeClasspath,baseDebugUnitTestCompileClasspath,baseDebugUnitTestRuntimeClasspath,debugAndroidTestCompileClasspath,debugCompileClasspath,debugLintChecksClasspath,debugRuntimeClasspath,debugUnitTestCompileClasspath,debugUnitTestRuntimeClasspath
androidx.compose.material3:material3:1.4.0=baseDebugAndroidTestCompileClasspath,baseDebugCompileClasspath,baseDebugRuntimeClasspath,baseDebugUnitTestCompileClasspath,baseDebugUnitTestRuntimeClasspath,debugAndroidTestCompileClasspath,debugCompileClasspath,debugLintChecksClasspath,debugRuntimeClasspath,debugUnitTestCompileClasspath,debugUnitTestRuntimeClasspath
androidx.compose.material:material-android:1.9.2=baseDebugRuntimeClasspath,baseDebugUnitTestRuntimeClasspath,debugLintChecksClasspath,debugRuntimeClasspath,debugUnitTestRuntimeClasspath
androidx.compose.material:material-icons-core-android:1.7.8=baseDebugAndroidTestCompileClasspath,baseDebugCompileClasspath,baseDebugRuntimeClasspath,baseDebugUnitTestCompileClasspath,baseDebugUnitTestRuntimeClasspath
androidx.compose.material:material-icons-core:1.7.8=baseDebugAndroidTestCompileClasspath,baseDebugCompileClasspath,baseDebugRuntimeClasspath,baseDebugUnitTestCompileClasspath,baseDebugUnitTestRuntimeClasspath
androidx.compose.material:material-ripple-android:1.9.2=baseDebugAndroidTestCompileClasspath,baseDebugCompileClasspath,baseDebugRuntimeClasspath,baseDebugUnitTestCompileClasspath,baseDebugUnitTestRuntimeClasspath,debugAndroidTestCompileClasspath,debugCompileClasspath,debugLintChecksClasspath,debugRuntimeClasspath,debugUnitTestCompileClasspath,debugUnitTestRuntimeClasspath
androidx.compose.material:material-ripple:1.9.2=baseDebugAndroidTestCompileClasspath,baseDebugCompileClasspath,baseDebugRuntimeClasspath,baseDebugUnitTestCompileClasspath,baseDebugUnitTestRuntimeClasspath,debugAndroidTestCompileClasspath,debugCompileClasspath,debugLintChecksClasspath,debugRuntimeClasspath,debugUnitTestCompileClasspath,debugUnitTestRuntimeClasspath
androidx.compose.material:material:1.9.2=baseDebugRuntimeClasspath,baseDebugUnitTestRuntimeClasspath,debugLintChecksClasspath,debugRuntimeClasspath,debugUnitTestRuntimeClasspath
androidx.compose.runtime:runtime-android:1.9.2=baseDebugAndroidTestCompileClasspath,baseDebugCompileClasspath,baseDebugRuntimeClasspath,baseDebugUnitTestCompileClasspath,baseDebugUnitTestRuntimeClasspath,debugAndroidTestCompileClasspath,debugCompileClasspath,debugLintChecksClasspath,debugRuntimeClasspath,debugUnitTestCompileClasspath,debugUnitTestRuntimeClasspath
androidx.compose.runtime:runtime-annotation-android:1.9.2=baseDebugAndroidTestCompileClasspath,baseDebugCompileClasspath,baseDebugRuntimeClasspath,baseDebugUnitTestCompileClasspath,baseDebugUnitTestRuntimeClasspath,debugAndroidTestCompileClasspath,debugCompileClasspath,debugLintChecksClasspath,debugRuntimeClasspath,debugUnitTestCompileClasspath,debugUnitTestRuntimeClasspath
androidx.compose.runtime:runtime-annotation:1.9.2=baseDebugAndroidTestCompileClasspath,baseDebugCompileClasspath,baseDebugRuntimeClasspath,baseDebugUnitTestCompileClasspath,baseDebugUnitTestRuntimeClasspath,debugAndroidTestCompileClasspath,debugCompileClasspath,debugLintChecksClasspath,debugRuntimeClasspath,debugUnitTestCompileClasspath,debugUnitTestRuntimeClasspath
androidx.compose.runtime:runtime-saveable-android:1.9.2=baseDebugAndroidTestCompileClasspath,baseDebugCompileClasspath,baseDebugRuntimeClasspath,baseDebugUnitTestCompileClasspath,baseDebugUnitTestRuntimeClasspath,debugAndroidTestCompileClasspath,debugCompileClasspath,debugLintChecksClasspath,debugRuntimeClasspath,debugUnitTestCompileClasspath,debugUnitTestRuntimeClasspath
androidx.compose.runtime:runtime-saveable:1.9.2=baseDebugAndroidTestCompileClasspath,baseDebugCompileClasspath,baseDebugRuntimeClasspath,baseDebugUnitTestCompileClasspath,baseDebugUnitTestRuntimeClasspath,debugAndroidTestCompileClasspath,debugCompileClasspath,debugLintChecksClasspath,debugRuntimeClasspath,debugUnitTestCompileClasspath,debugUnitTestRuntimeClasspath
androidx.compose.runtime:runtime:1.9.2=baseDebugAndroidTestCompileClasspath,baseDebugCompileClasspath,baseDebugRuntimeClasspath,baseDebugUnitTestCompileClasspath,baseDebugUnitTestRuntimeClasspath,debugAndroidTestCompileClasspath,debugCompileClasspath,debugLintChecksClasspath,debugRuntimeClasspath,debugUnitTestCompileClasspath,debugUnitTestRuntimeClasspath
androidx.compose.ui:ui-android:1.9.2=baseDebugAndroidTestCompileClasspath,baseDebugCompileClasspath,baseDebugRuntimeClasspath,baseDebugUnitTestCompileClasspath,baseDebugUnitTestRuntimeClasspath,debugAndroidTestCompileClasspath,debugCompileClasspath,debugLintChecksClasspath,debugRuntimeClasspath,debugUnitTestCompileClasspath,debugUnitTestRuntimeClasspath
androidx.compose.ui:ui-geometry-android:1.9.2=baseDebugAndroidTestCompileClasspath,baseDebugCompileClasspath,baseDebugRuntimeClasspath,baseDebugUnitTestCompileClasspath,baseDebugUnitTestRuntimeClasspath,debugAndroidTestCompileClasspath,debugCompileClasspath,debugLintChecksClasspath,debugRuntimeClasspath,debugUnitTestCompileClasspath,debugUnitTestRuntimeClasspath
androidx.compose.ui:ui-geometry:1.9.2=baseDebugAndroidTestCompileClasspath,baseDebugCompileClasspath,baseDebugRuntimeClasspath,baseDebugUnitTestCompileClasspath,baseDebugUnitTestRuntimeClasspath,debugAndroidTestCompileClasspath,debugCompileClasspath,debugLintChecksClasspath,debugRuntimeClasspath,debugUnitTestCompileClasspath,debugUnitTestRuntimeClasspath
androidx.compose.ui:ui-graphics-android:1.9.2=baseDebugAndroidTestCompileClasspath,baseDebugCompileClasspath,baseDebugRuntimeClasspath,baseDebugUnitTestCompileClasspath,baseDebugUnitTestRuntimeClasspath,debugAndroidTestCompileClasspath,debugCompileClasspath,debugLintChecksClasspath,debugRuntimeClasspath,debugUnitTestCompileClasspath,debugUnitTestRuntimeClasspath
androidx.compose.ui:ui-graphics:1.9.2=baseDebugAndroidTestCompileClasspath,baseDebugCompileClasspath,baseDebugRuntimeClasspath,baseDebugUnitTestCompileClasspath,baseDebugUnitTestRuntimeClasspath,debugAndroidTestCompileClasspath,debugCompileClasspath,debugLintChecksClasspath,debugRuntimeClasspath,debugUnitTestCompileClasspath,debugUnitTestRuntimeClasspath
androidx.compose.ui:ui-text-android:1.9.2=baseDebugAndroidTestCompileClasspath,baseDebugCompileClasspath,baseDebugRuntimeClasspath,baseDebugUnitTestCompileClasspath,baseDebugUnitTestRuntimeClasspath,debugAndroidTestCompileClasspath,debugCompileClasspath,debugLintChecksClasspath,debugRuntimeClasspath,debugUnitTestCompileClasspath,debugUnitTestRuntimeClasspath
androidx.compose.ui:ui-text:1.9.2=baseDebugAndroidTestCompileClasspath,baseDebugCompileClasspath,baseDebugRuntimeClasspath,baseDebugUnitTestCompileClasspath,baseDebugUnitTestRuntimeClasspath,debugAndroidTestCompileClasspath,debugCompileClasspath,debugLintChecksClasspath,debugRuntimeClasspath,debugUnitTestCompileClasspath,debugUnitTestRuntimeClasspath
androidx.compose.ui:ui-tooling-android:1.9.2=baseDebugAndroidTestCompileClasspath,baseDebugCompileClasspath,baseDebugRuntimeClasspath,baseDebugUnitTestCompileClasspath,baseDebugUnitTestRuntimeClasspath,debugAndroidTestCompileClasspath,debugCompileClasspath,debugLintChecksClasspath,debugRuntimeClasspath,debugUnitTestCompileClasspath,debugUnitTestRuntimeClasspath
androidx.compose.ui:ui-tooling-data-android:1.9.2=baseDebugAndroidTestCompileClasspath,baseDebugCompileClasspath,baseDebugRuntimeClasspath,baseDebugUnitTestCompileClasspath,baseDebugUnitTestRuntimeClasspath,debugAndroidTestCompileClasspath,debugCompileClasspath,debugLintChecksClasspath,debugRuntimeClasspath,debugUnitTestCompileClasspath,debugUnitTestRuntimeClasspath
androidx.compose.ui:ui-tooling-data:1.9.2=baseDebugAndroidTestCompileClasspath,baseDebugCompileClasspath,baseDebugRuntimeClasspath,baseDebugUnitTestCompileClasspath,baseDebugUnitTestRuntimeClasspath,debugAndroidTestCompileClasspath,debugCompileClasspath,debugLintChecksClasspath,debugRuntimeClasspath,debugUnitTestCompileClasspath,debugUnitTestRuntimeClasspath
androidx.compose.ui:ui-tooling-preview-android:1.9.2=baseDebugAndroidTestCompileClasspath,baseDebugCompileClasspath,baseDebugRuntimeClasspath,baseDebugUnitTestCompileClasspath,baseDebugUnitTestRuntimeClasspath,debugAndroidTestCompileClasspath,debugCompileClasspath,debugLintChecksClasspath,debugRuntimeClasspath,debugUnitTestCompileClasspath,debugUnitTestRuntimeClasspath
androidx.compose.ui:ui-tooling-preview:1.9.2=baseDebugAndroidTestCompileClasspath,baseDebugCompileClasspath,baseDebugRuntimeClasspath,baseDebugUnitTestCompileClasspath,baseDebugUnitTestRuntimeClasspath,debugAndroidTestCompileClasspath,debugCompileClasspath,debugLintChecksClasspath,debugRuntimeClasspath,debugUnitTestCompileClasspath,debugUnitTestRuntimeClasspath
androidx.compose.ui:ui-tooling:1.9.2=baseDebugAndroidTestCompileClasspath,baseDebugCompileClasspath,baseDebugRuntimeClasspath,baseDebugUnitTestCompileClasspath,baseDebugUnitTestRuntimeClasspath,debugAndroidTestCompileClasspath,debugCompileClasspath,debugLintChecksClasspath,debugRuntimeClasspath,debugUnitTestCompileClasspath,debugUnitTestRuntimeClasspath
androidx.compose.ui:ui-unit-android:1.9.2=baseDebugAndroidTestCompileClasspath,baseDebugCompileClasspath,baseDebugRuntimeClasspath,baseDebugUnitTestCompileClasspath,baseDebugUnitTestRuntimeClasspath,debugAndroidTestCompileClasspath,debugCompileClasspath,debugLintChecksClasspath,debugRuntimeClasspath,debugUnitTestCompileClasspath,debugUnitTestRuntimeClasspath
androidx.compose.ui:ui-unit:1.9.2=baseDebugAndroidTestCompileClasspath,baseDebugCompileClasspath,baseDebugRuntimeClasspath,baseDebugUnitTestCompileClasspath,baseDebugUnitTestRuntimeClasspath,debugAndroidTestCompileClasspath,debugCompileClasspath,debugLintChecksClasspath,debugRuntimeClasspath,debugUnitTestCompileClasspath,debugUnitTestRuntimeClasspath
androidx.compose.ui:ui-util-android:1.9.2=baseDebugAndroidTestCompileClasspath,baseDebugCompileClasspath,baseDebugRuntimeClasspath,baseDebugUnitTestCompileClasspath,baseDebugUnitTestRuntimeClasspath,debugAndroidTestCompileClasspath,debugCompileClasspath,debugLintChecksClasspath,debugRuntimeClasspath,debugUnitTestCompileClasspath,debugUnitTestRuntimeClasspath
androidx.compose.ui:ui-util:1.9.2=baseDebugAndroidTestCompileClasspath,baseDebugCompileClasspath,baseDebugRuntimeClasspath,baseDebugUnitTestCompileClasspath,baseDebugUnitTestRuntimeClasspath,debugAndroidTestCompileClasspath,debugCompileClasspath,debugLintChecksClasspath,debugRuntimeClasspath,debugUnitTestCompileClasspath,debugUnitTestRuntimeClasspath
androidx.compose.ui:ui:1.9.2=baseDebugAndroidTestCompileClasspath,baseDebugCompileClasspath,baseDebugRuntimeClasspath,baseDebugUnitTestCompileClasspath,baseDebugUnitTestRuntimeClasspath,debugAndroidTestCompileClasspath,debugCompileClasspath,debugLintChecksClasspath,debugRuntimeClasspath,debugUnitTestCompileClasspath,debugUnitTestRuntimeClasspath
androidx.compose:compose-bom:2025.09.01=baseDebugAndroidTestCompileClasspath,baseDebugCompileClasspath,baseDebugRuntimeClasspath,baseDebugUnitTestCompileClasspath,baseDebugUnitTestRuntimeClasspath,debugAndroidTestCompileClasspath,debugCompileClasspath,debugLintChecksClasspath,debugRuntimeClasspath,debugUnitTestCompileClasspath,debugUnitTestRuntimeClasspath
androidx.concurrent:concurrent-futures-ktx:1.1.0=baseDebugAndroidTestCompileClasspath,baseDebugAndroidTestRuntimeClasspath,debugAndroidTestCompileClasspath,debugAndroidTestRuntimeClasspath
androidx.concurrent:concurrent-futures:1.1.0=baseDebugAndroidTestCompileClasspath,baseDebugAndroidTestRuntimeClasspath,baseDebugRuntimeClasspath,baseDebugUnitTestRuntimeClasspath,debugAndroidTestCompileClasspath,debugAndroidTestRuntimeClasspath,debugLintChecksClasspath,debugRuntimeClasspath,debugUnitTestRuntimeClasspath
androidx.core:core-ktx:1.13.0=baseDebugAndroidTestCompileClasspath,baseDebugCompileClasspath,baseDebugUnitTestCompileClasspath,debugAndroidTestCompileClasspath,debugCompileClasspath,debugUnitTestCompileClasspath
androidx.core:core-ktx:1.15.0=baseDebugRuntimeClasspath,baseDebugUnitTestRuntimeClasspath,debugLintChecksClasspath,debugRuntimeClasspath,debugUnitTestRuntimeClasspath
androidx.core:core-viewtree:1.0.0=baseDebugAndroidTestCompileClasspath,baseDebugCompileClasspath,baseDebugRuntimeClasspath,baseDebugUnitTestCompileClasspath,baseDebugUnitTestRuntimeClasspath,debugAndroidTestCompileClasspath,debugCompileClasspath,debugLintChecksClasspath,debugRuntimeClasspath,debugUnitTestCompileClasspath,debugUnitTestRuntimeClasspath
androidx.core:core:1.13.0=baseDebugAndroidTestCompileClasspath,baseDebugCompileClasspath,baseDebugUnitTestCompileClasspath,debugAndroidTestCompileClasspath,debugCompileClasspath,debugUnitTestCompileClasspath
androidx.core:core:1.15.0=baseDebugRuntimeClasspath,baseDebugUnitTestRuntimeClasspath,debugLintChecksClasspath,debugRuntimeClasspath,debugUnitTestRuntimeClasspath
androidx.customview:customview-poolingcontainer:1.0.0=baseDebugRuntimeClasspath,baseDebugUnitTestRuntimeClasspath,debugLintChecksClasspath,debugRuntimeClasspath,debugUnitTestRuntimeClasspath
androidx.datastore:datastore-android:1.1.7=baseDebugAndroidTestCompileClasspath,baseDebugCompileClasspath,baseDebugRuntimeClasspath,baseDebugUnitTestCompileClasspath,baseDebugUnitTestRuntimeClasspath
androidx.datastore:datastore-core-android:1.1.7=baseDebugAndroidTestCompileClasspath,baseDebugCompileClasspath,baseDebugRuntimeClasspath,baseDebugUnitTestCompileClasspath,baseDebugUnitTestRuntimeClasspath
androidx.datastore:datastore-core-okio-jvm:1.1.7=baseDebugAndroidTestCompileClasspath,baseDebugCompileClasspath,baseDebugRuntimeClasspath,baseDebugUnitTestCompileClasspath,baseDebugUnitTestRuntimeClasspath
androidx.datastore:datastore-core-okio:1.1.7=baseDebugAndroidTestCompileClasspath,baseDebugCompileClasspath,baseDebugRuntimeClasspath,baseDebugUnitTestCompileClasspath,baseDebugUnitTestRuntimeClasspath
androidx.datastore:datastore-core:1.1.7=baseDebugAndroidTestCompileClasspath,baseDebugCompileClasspath,baseDebugRuntimeClasspath,baseDebugUnitTestCompileClasspath,baseDebugUnitTestRuntimeClasspath
androidx.datastore:datastore-preferences-android:1.1.7=baseDebugAndroidTestCompileClasspath,baseDebugCompileClasspath,baseDebugRuntimeClasspath,baseDebugUnitTestCompileClasspath,baseDebugUnitTestRuntimeClasspath
androidx.datastore:datastore-preferences-core-android:1.1.7=baseDebugAndroidTestCompileClasspath,baseDebugCompileClasspath,baseDebugRuntimeClasspath,baseDebugUnitTestCompileClasspath,baseDebugUnitTestRuntimeClasspath
androidx.datastore:datastore-preferences-core:1.1.7=baseDebugAndroidTestCompileClasspath,baseDebugCompileClasspath,baseDebugRuntimeClasspath,baseDebugUnitTestCompileClasspath,baseDebugUnitTestRuntimeClasspath
androidx.datastore:datastore-preferences-external-protobuf:1.1.7=baseDebugRuntimeClasspath,baseDebugUnitTestRuntimeClasspath
androidx.datastore:datastore-preferences-proto:1.1.7=baseDebugRuntimeClasspath,baseDebugUnitTestRuntimeClasspath
androidx.datastore:datastore-preferences:1.1.7=baseDebugAndroidTestCompileClasspath,baseDebugCompileClasspath,baseDebugRuntimeClasspath,baseDebugUnitTestCompileClasspath,baseDebugUnitTestRuntimeClasspath
androidx.datastore:datastore:1.1.7=baseDebugAndroidTestCompileClasspath,baseDebugCompileClasspath,baseDebugRuntimeClasspath,baseDebugUnitTestCompileClasspath,baseDebugUnitTestRuntimeClasspath
androidx.emoji2:emoji2:1.4.0=baseDebugRuntimeClasspath,baseDebugUnitTestRuntimeClasspath,debugLintChecksClasspath,debugRuntimeClasspath,debugUnitTestRuntimeClasspath
androidx.graphics:graphics-path:1.0.1=baseDebugRuntimeClasspath,baseDebugUnitTestRuntimeClasspath,debugLintChecksClasspath,debugRuntimeClasspath,debugUnitTestRuntimeClasspath
androidx.interpolator:interpolator:1.0.0=baseDebugRuntimeClasspath,baseDebugUnitTestRuntimeClasspath,debugLintChecksClasspath,debugRuntimeClasspath,debugUnitTestRuntimeClasspath
androidx.lifecycle:lifecycle-common-java8:2.9.4=baseDebugRuntimeClasspath,baseDebugUnitTestRuntimeClasspath,debugLintChecksClasspath,debugRuntimeClasspath,debugUnitTestRuntimeClasspath
androidx.lifecycle:lifecycle-common-jvm:2.9.4=baseDebugAndroidTestCompileClasspath,baseDebugAndroidTestRuntimeClasspath,baseDebugCompileClasspath,baseDebugRuntimeClasspath,baseDebugUnitTestCompileClasspath,baseDebugUnitTestRuntimeClasspath,debugAndroidTestCompileClasspath,debugAndroidTestRuntimeClasspath,debugCompileClasspath,debugLintChecksClasspath,debugRuntimeClasspath,debugUnitTestCompileClasspath,debugUnitTestRuntimeClasspath
androidx.lifecycle:lifecycle-common:2.9.4=baseDebugAndroidTestCompileClasspath,baseDebugAndroidTestRuntimeClasspath,baseDebugCompileClasspath,baseDebugRuntimeClasspath,baseDebugUnitTestCompileClasspath,baseDebugUnitTestRuntimeClasspath,debugAndroidTestCompileClasspath,debugAndroidTestRuntimeClasspath,debugCompileClasspath,debugLintChecksClasspath,debugRuntimeClasspath,debugUnitTestCompileClasspath,debugUnitTestRuntimeClasspath
androidx.lifecycle:lifecycle-livedata-core:2.9.4=baseDebugAndroidTestCompileClasspath,baseDebugCompileClasspath,baseDebugRuntimeClasspath,baseDebugUnitTestCompileClasspath,baseDebugUnitTestRuntimeClasspath,debugAndroidTestCompileClasspath,debugCompileClasspath,debugLintChecksClasspath,debugRuntimeClasspath,debugUnitTestCompileClasspath,debugUnitTestRuntimeClasspath
androidx.lifecycle:lifecycle-process:2.9.4=baseDebugRuntimeClasspath,baseDebugUnitTestRuntimeClasspath,debugLintChecksClasspath,debugRuntimeClasspath,debugUnitTestRuntimeClasspath
androidx.lifecycle:lifecycle-runtime-android:2.9.4=baseDebugAndroidTestCompileClasspath,baseDebugCompileClasspath,baseDebugRuntimeClasspath,baseDebugUnitTestCompileClasspath,baseDebugUnitTestRuntimeClasspath,debugAndroidTestCompileClasspath,debugCompileClasspath,debugLintChecksClasspath,debugRuntimeClasspath,debugUnitTestCompileClasspath,debugUnitTestRuntimeClasspath
androidx.lifecycle:lifecycle-runtime-compose-android:2.9.4=baseDebugAndroidTestCompileClasspath,baseDebugCompileClasspath,baseDebugRuntimeClasspath,baseDebugUnitTestCompileClasspath,baseDebugUnitTestRuntimeClasspath,debugAndroidTestCompileClasspath,debugCompileClasspath,debugLintChecksClasspath,debugRuntimeClasspath,debugUnitTestCompileClasspath,debugUnitTestRuntimeClasspath
androidx.lifecycle:lifecycle-runtime-compose:2.9.4=baseDebugAndroidTestCompileClasspath,baseDebugCompileClasspath,baseDebugRuntimeClasspath,baseDebugUnitTestCompileClasspath,baseDebugUnitTestRuntimeClasspath,debugAndroidTestCompileClasspath,debugCompileClasspath,debugLintChecksClasspath,debugRuntimeClasspath,debugUnitTestCompileClasspath,debugUnitTestRuntimeClasspath
androidx.lifecycle:lifecycle-runtime-ktx-android:2.9.4=baseDebugAndroidTestCompileClasspath,baseDebugCompileClasspath,baseDebugRuntimeClasspath,baseDebugUnitTestCompileClasspath,baseDebugUnitTestRuntimeClasspath,debugAndroidTestCompileClasspath,debugCompileClasspath,debugLintChecksClasspath,debugRuntimeClasspath,debugUnitTestCompileClasspath,debugUnitTestRuntimeClasspath
androidx.lifecycle:lifecycle-runtime-ktx:2.9.4=baseDebugAndroidTestCompileClasspath,baseDebugCompileClasspath,baseDebugRuntimeClasspath,baseDebugUnitTestCompileClasspath,baseDebugUnitTestRuntimeClasspath,debugAndroidTestCompileClasspath,debugCompileClasspath,debugLintChecksClasspath,debugRuntimeClasspath,debugUnitTestCompileClasspath,debugUnitTestRuntimeClasspath
androidx.lifecycle:lifecycle-runtime:2.9.4=baseDebugAndroidTestCompileClasspath,baseDebugCompileClasspath,baseDebugRuntimeClasspath,baseDebugUnitTestCompileClasspath,baseDebugUnitTestRuntimeClasspath,debugAndroidTestCompileClasspath,debugCompileClasspath,debugLintChecksClasspath,debugRuntimeClasspath,debugUnitTestCompileClasspath,debugUnitTestRuntimeClasspath
androidx.lifecycle:lifecycle-viewmodel-android:2.9.4=baseDebugAndroidTestCompileClasspath,baseDebugCompileClasspath,baseDebugRuntimeClasspath,baseDebugUnitTestCompileClasspath,baseDebugUnitTestRuntimeClasspath,debugAndroidTestCompileClasspath,debugCompileClasspath,debugLintChecksClasspath,debugRuntimeClasspath,debugUnitTestCompileClasspath,debugUnitTestRuntimeClasspath
androidx.lifecycle:lifecycle-viewmodel-compose-android:2.9.4=baseDebugAndroidTestCompileClasspath,baseDebugCompileClasspath,baseDebugRuntimeClasspath,baseDebugUnitTestCompileClasspath,baseDebugUnitTestRuntimeClasspath,debugAndroidTestCompileClasspath,debugCompileClasspath,debugLintChecksClasspath,debugRuntimeClasspath,debugUnitTestCompileClasspath,debugUnitTestRuntimeClasspath
androidx.lifecycle:lifecycle-viewmodel-compose:2.9.4=baseDebugAndroidTestCompileClasspath,baseDebugCompileClasspath,baseDebugRuntimeClasspath,baseDebugUnitTestCompileClasspath,baseDebugUnitTestRuntimeClasspath,debugAndroidTestCompileClasspath,debugCompileClasspath,debugLintChecksClasspath,debugRuntimeClasspath,debugUnitTestCompileClasspath,debugUnitTestRuntimeClasspath
androidx.lifecycle:lifecycle-viewmodel-ktx:2.9.4=baseDebugRuntimeClasspath,baseDebugUnitTestRuntimeClasspath,debugLintChecksClasspath,debugRuntimeClasspath,debugUnitTestRuntimeClasspath
androidx.lifecycle:lifecycle-viewmodel-savedstate-android:2.9.4=baseDebugAndroidTestCompileClasspath,baseDebugCompileClasspath,baseDebugRuntimeClasspath,baseDebugUnitTestCompileClasspath,baseDebugUnitTestRuntimeClasspath,debugAndroidTestCompileClasspath,debugCompileClasspath,debugLintChecksClasspath,debugRuntimeClasspath,debugUnitTestCompileClasspath,debugUnitTestRuntimeClasspath
androidx.lifecycle:lifecycle-viewmodel-savedstate:2.9.4=baseDebugAndroidTestCompileClasspath,baseDebugCompileClasspath,baseDebugRuntimeClasspath,baseDebugUnitTestCompileClasspath,baseDebugUnitTestRuntimeClasspath,debugAndroidTestCompileClasspath,debugCompileClasspath,debugLintChecksClasspath,debugRuntimeClasspath,debugUnitTestCompileClasspath,debugUnitTestRuntimeClasspath
androidx.lifecycle:lifecycle-viewmodel:2.9.4=baseDebugAndroidTestCompileClasspath,baseDebugCompileClasspath,baseDebugRuntimeClasspath,baseDebugUnitTestCompileClasspath,baseDebugUnitTestRuntimeClasspath,debugAndroidTestCompileClasspath,debugCompileClasspath,debugLintChecksClasspath,debugRuntimeClasspath,debugUnitTestCompileClasspath,debugUnitTestRuntimeClasspath
androidx.profileinstaller:profileinstaller:1.4.0=baseDebugRuntimeClasspath,baseDebugUnitTestRuntimeClasspath,debugLintChecksClasspath,debugRuntimeClasspath,debugUnitTestRuntimeClasspath
androidx.room:room-common-jvm:2.8.4=baseDebugAndroidTestCompileClasspath,baseDebugAnnotationProcessorClasspath,baseDebugCompileClasspath,baseDebugRuntimeClasspath,baseDebugUnitTestCompileClasspath,baseDebugUnitTestRuntimeClasspath
androidx.room:room-common:2.8.4=baseDebugAndroidTestCompileClasspath,baseDebugAnnotationProcessorClasspath,baseDebugCompileClasspath,baseDebugRuntimeClasspath,baseDebugUnitTestCompileClasspath,baseDebugUnitTestRuntimeClasspath
androidx.room:room-compiler-processing:2.8.4=baseDebugAnnotationProcessorClasspath
androidx.room:room-compiler:2.8.4=baseDebugAnnotationProcessorClasspath
androidx.room:room-external-antlr:2.8.4=baseDebugAnnotationProcessorClasspath
androidx.room:room-migration-jvm:2.8.4=baseDebugAnnotationProcessorClasspath
androidx.room:room-migration:2.8.4=baseDebugAnnotationProcessorClasspath
androidx.room:room-runtime-android:2.8.4=baseDebugAndroidTestCompileClasspath,baseDebugCompileClasspath,baseDebugRuntimeClasspath,baseDebugUnitTestCompileClasspath,baseDebugUnitTestRuntimeClasspath
androidx.room:room-runtime:2.8.4=baseDebugAndroidTestCompileClasspath,baseDebugCompileClasspath,baseDebugRuntimeClasspath,baseDebugUnitTestCompileClasspath,baseDebugUnitTestRuntimeClasspath
androidx.savedstate:savedstate-android:1.3.3=baseDebugAndroidTestCompileClasspath,baseDebugCompileClasspath,baseDebugRuntimeClasspath,baseDebugUnitTestCompileClasspath,baseDebugUnitTestRuntimeClasspath,debugAndroidTestCompileClasspath,debugCompileClasspath,debugLintChecksClasspath,debugRuntimeClasspath,debugUnitTestCompileClasspath,debugUnitTestRuntimeClasspath
androidx.savedstate:savedstate-compose-android:1.3.3=baseDebugAndroidTestCompileClasspath,baseDebugCompileClasspath,baseDebugRuntimeClasspath,baseDebugUnitTestCompileClasspath,baseDebugUnitTestRuntimeClasspath,debugAndroidTestCompileClasspath,debugCompileClasspath,debugLintChecksClasspath,debugRuntimeClasspath,debugUnitTestCompileClasspath,debugUnitTestRuntimeClasspath
androidx.savedstate:savedstate-compose:1.3.3=baseDebugAndroidTestCompileClasspath,baseDebugCompileClasspath,baseDebugRuntimeClasspath,baseDebugUnitTestCompileClasspath,baseDebugUnitTestRuntimeClasspath,debugAndroidTestCompileClasspath,debugCompileClasspath,debugLintChecksClasspath,debugRuntimeClasspath,debugUnitTestCompileClasspath,debugUnitTestRuntimeClasspath
androidx.savedstate:savedstate-ktx:1.3.3=baseDebugRuntimeClasspath,baseDebugUnitTestRuntimeClasspath,debugLintChecksClasspath,debugRuntimeClasspath,debugUnitTestRuntimeClasspath
androidx.savedstate:savedstate:1.3.3=baseDebugAndroidTestCompileClasspath,baseDebugCompileClasspath,baseDebugRuntimeClasspath,baseDebugUnitTestCompileClasspath,baseDebugUnitTestRuntimeClasspath,debugAndroidTestCompileClasspath,debugCompileClasspath,debugLintChecksClasspath,debugRuntimeClasspath,debugUnitTestCompileClasspath,debugUnitTestRuntimeClasspath
androidx.sqlite:sqlite-android:2.6.2=baseDebugAndroidTestCompileClasspath,baseDebugCompileClasspath,baseDebugRuntimeClasspath,baseDebugUnitTestCompileClasspath,baseDebugUnitTestRuntimeClasspath
androidx.sqlite:sqlite-framework-android:2.6.2=baseDebugAndroidTestCompileClasspath,baseDebugCompileClasspath,baseDebugRuntimeClasspath,baseDebugUnitTestCompileClasspath,baseDebugUnitTestRuntimeClasspath
androidx.sqlite:sqlite-framework:2.6.2=baseDebugAndroidTestCompileClasspath,baseDebugCompileClasspath,baseDebugRuntimeClasspath,baseDebugUnitTestCompileClasspath,baseDebugUnitTestRuntimeClasspath
androidx.sqlite:sqlite:2.6.2=baseDebugAndroidTestCompileClasspath,baseDebugCompileClasspath,baseDebugRuntimeClasspath,baseDebugUnitTestCompileClasspath,baseDebugUnitTestRuntimeClasspath
androidx.startup:startup-runtime:1.1.1=baseDebugRuntimeClasspath,baseDebugUnitTestRuntimeClasspath,debugLintChecksClasspath,debugRuntimeClasspath,debugUnitTestRuntimeClasspath
androidx.test.ext:junit:1.2.1=baseDebugAndroidTestCompileClasspath,baseDebugAndroidTestRuntimeClasspath,debugAndroidTestCompileClasspath,debugAndroidTestRuntimeClasspath
androidx.test.services:storage:1.5.0=baseDebugAndroidTestCompileClasspath,baseDebugAndroidTestRuntimeClasspath,debugAndroidTestCompileClasspath,debugAndroidTestRuntimeClasspath
androidx.test:core:1.6.1=baseDebugAndroidTestCompileClasspath,baseDebugAndroidTestRuntimeClasspath,debugAndroidTestCompileClasspath,debugAndroidTestRuntimeClasspath
androidx.test:monitor:1.7.2=baseDebugAndroidTestCompileClasspath,baseDebugAndroidTestRuntimeClasspath,debugAndroidTestCompileClasspath,debugAndroidTestRuntimeClasspath
androidx.test:runner:1.6.2=baseDebugAndroidTestCompileClasspath,baseDebugAndroidTestRuntimeClasspath,debugAndroidTestCompileClasspath,debugAndroidTestRuntimeClasspath
androidx.tracing:tracing:1.1.0=baseDebugAndroidTestCompileClasspath,debugAndroidTestCompileClasspath
androidx.tracing:tracing:1.2.0=baseDebugAndroidTestRuntimeClasspath,baseDebugRuntimeClasspath,baseDebugUnitTestRuntimeClasspath,debugAndroidTestRuntimeClasspath,debugLintChecksClasspath,debugRuntimeClasspath,debugUnitTestRuntimeClasspath
androidx.versionedparcelable:versionedparcelable:1.1.1=baseDebugAndroidTestCompileClasspath,baseDebugCompileClasspath,baseDebugRuntimeClasspath,baseDebugUnitTestCompileClasspath,baseDebugUnitTestRuntimeClasspath,debugAndroidTestCompileClasspath,debugCompileClasspath,debugLintChecksClasspath,debugRuntimeClasspath,debugUnitTestCompileClasspath,debugUnitTestRuntimeClasspath
com.google.auto.value:auto-value-annotations:1.6.3=baseDebugAnnotationProcessorClasspath
com.google.auto:auto-common:1.2.1=baseDebugAnnotationProcessorClasspath
com.google.code.findbugs:jsr305:3.0.2=baseDebugAnnotationProcessorClasspath
com.google.devtools.ksp:symbol-processing-api:2.0.10-1.0.24=baseDebugAnnotationProcessorClasspath
com.google.errorprone:error_prone_annotations:2.26.1=baseDebugAnnotationProcessorClasspath
com.google.guava:failureaccess:1.0.2=baseDebugAnnotationProcessorClasspath
com.google.guava:guava:33.2.1-jre=baseDebugAnnotationProcessorClasspath
com.google.guava:listenablefuture:1.0=baseDebugAndroidTestCompileClasspath,baseDebugAndroidTestRuntimeClasspath,baseDebugRuntimeClasspath,baseDebugUnitTestRuntimeClasspath,debugAndroidTestCompileClasspath,debugAndroidTestRuntimeClasspath,debugLintChecksClasspath,debugRuntimeClasspath,debugUnitTestRuntimeClasspath
com.google.guava:listenablefuture:9999.0-empty-to-avoid-conflict-with-guava=baseDebugAnnotationProcessorClasspath
com.google.protobuf:protobuf-javalite:4.36.1=baseDebugAndroidTestCompileClasspath,baseDebugCompileClasspath,baseDebugRuntimeClasspath,baseDebugUnitTestCompileClasspath,baseDebugUnitTestRuntimeClasspath
com.intellij:annotations:12.0=baseDebugAnnotationProcessorClasspath
com.squareup.okio:okio-jvm:3.4.0=baseDebugAndroidTestCompileClasspath,baseDebugCompileClasspath,baseDebugRuntimeClasspath,baseDebugUnitTestCompileClasspath,baseDebugUnitTestRuntimeClasspath
com.squareup.okio:okio:3.4.0=baseDebugAndroidTestCompileClasspath,baseDebugCompileClasspath,baseDebugRuntimeClasspath,baseDebugUnitTestCompileClasspath,baseDebugUnitTestRuntimeClasspath
com.squareup:javapoet:1.13.0=baseDebugAnnotationProcessorClasspath
com.squareup:kotlinpoet-javapoet:2.0.0=baseDebugAnnotationProcessorClasspath
com.squareup:kotlinpoet-jvm:2.0.0=baseDebugAnnotationProcessorClasspath
com.squareup:kotlinpoet:2.0.0=baseDebugAnnotationProcessorClasspath
commons-codec:commons-codec:1.15=baseDebugAnnotationProcessorClasspath
junit:junit:4.13.2=baseDebugAndroidTestCompileClasspath,baseDebugAndroidTestRuntimeClasspath,baseDebugUnitTestCompileClasspath,baseDebugUnitTestRuntimeClasspath,debugAndroidTestCompileClasspath,debugAndroidTestRuntimeClasspath,debugUnitTestCompileClasspath,debugUnitTestRuntimeClasspath
org.checkerframework:checker-qual:3.42.0=baseDebugAnnotationProcessorClasspath
org.hamcrest:hamcrest-core:1.3=baseDebugAndroidTestCompileClasspath,baseDebugAndroidTestRuntimeClasspath,baseDebugUnitTestCompileClasspath,baseDebugUnitTestRuntimeClasspath,debugAndroidTestCompileClasspath,debugAndroidTestRuntimeClasspath,debugUnitTestCompileClasspath,debugUnitTestRuntimeClasspath
org.jetbrains.kotlin:kotlin-android-extensions-runtime:1.9.22=baseDebugRuntimeClasspath,baseDebugUnitTestRuntimeClasspath
org.jetbrains.kotlin:kotlin-build-tools-api:2.2.10=kotlinBuildToolsApiClasspath
org.jetbrains.kotlin:kotlin-build-tools-impl:2.2.10=kotlinBuildToolsApiClasspath
org.jetbrains.kotlin:kotlin-compiler-embeddable:2.2.10=kotlinBuildToolsApiClasspath,kotlinCompilerClasspath
org.jetbrains.kotlin:kotlin-compiler-runner:2.2.10=kotlinBuildToolsApiClasspath
org.jetbrains.kotlin:kotlin-compose-compiler-plugin-embeddable:2.2.10=kotlin-extension,kotlinCompilerPluginClasspathBaseDebug,kotlinCompilerPluginClasspathBaseDebugAndroidTest,kotlinCompilerPluginClasspathBaseDebugUnitTest,kotlinCompilerPluginClasspathDebug,kotlinCompilerPluginClasspathDebugAndroidTest,kotlinCompilerPluginClasspathDebugUnitTest
org.jetbrains.kotlin:kotlin-daemon-client:2.2.10=kotlinBuildToolsApiClasspath
org.jetbrains.kotlin:kotlin-daemon-embeddable:2.2.10=kotlinBuildToolsApiClasspath,kotlinCompilerClasspath
org.jetbrains.kotlin:kotlin-metadata-jvm:2.2.0=baseDebugAnnotationProcessorClasspath
org.jetbrains.kotlin:kotlin-parcelize-runtime:1.9.22=baseDebugRuntimeClasspath,baseDebugUnitTestRuntimeClasspath
org.jetbrains.kotlin:kotlin-reflect:1.6.10=kotlinBuildToolsApiClasspath,kotlinCompilerClasspath
org.jetbrains.kotlin:kotlin-reflect:2.0.10=baseDebugAnnotationProcessorClasspath
org.jetbrains.kotlin:kotlin-script-runtime:2.2.10=kotlinBuildToolsApiClasspath,kotlinCompilerClasspath
org.jetbrains.kotlin:kotlin-scripting-common:2.2.10=kotlinBuildToolsApiClasspath
org.jetbrains.kotlin:kotlin-scripting-compiler-embeddable:2.2.10=kotlinBuildToolsApiClasspath
org.jetbrains.kotlin:kotlin-scripting-compiler-impl-embeddable:2.2.10=kotlinBuildToolsApiClasspath
org.jetbrains.kotlin:kotlin-scripting-jvm:2.2.10=kotlinBuildToolsApiClasspath
org.jetbrains.kotlin:kotlin-stdlib-common:2.2.10=baseDebugAndroidTestCompileClasspath,baseDebugCompileClasspath,baseDebugRuntimeClasspath,baseDebugUnitTestCompileClasspath,baseDebugUnitTestRuntimeClasspath,debugLintChecksClasspath,debugRuntimeClasspath,debugUnitTestRuntimeClasspath
org.jetbrains.kotlin:kotlin-stdlib-jdk7:1.8.0=baseDebugAndroidTestCompileClasspath,baseDebugCompileClasspath,baseDebugRuntimeClasspath,baseDebugUnitTestCompileClasspath,baseDebugUnitTestRuntimeClasspath
org.jetbrains.kotlin:kotlin-stdlib-jdk8:1.8.0=baseDebugAndroidTestCompileClasspath,baseDebugCompileClasspath,baseDebugRuntimeClasspath,baseDebugUnitTestCompileClasspath,baseDebugUnitTestRuntimeClasspath
org.jetbrains.kotlin:kotlin-stdlib:2.2.0=baseDebugAnnotationProcessorClasspath
org.jetbrains.kotlin:kotlin-stdlib:2.2.10=baseDebugAndroidTestCompileClasspath,baseDebugAndroidTestRuntimeClasspath,baseDebugCompileClasspath,baseDebugRuntimeClasspath,baseDebugUnitTestCompileClasspath,baseDebugUnitTestRuntimeClasspath,debugAndroidTestCompileClasspath,debugAndroidTestRuntimeClasspath,debugCompileClasspath,debugLintChecksClasspath,debugRuntimeClasspath,debugUnitTestCompileClasspath,debugUnitTestRuntimeClasspath,kotlinBuildToolsApiClasspath,kotlinCompilerClasspath
org.jetbrains.kotlinx:kotlinx-coroutines-android:1.10.2=baseDebugAndroidTestCompileClasspath,baseDebugCompileClasspath,baseDebugRuntimeClasspath,baseDebugUnitTestCompileClasspath,baseDebugUnitTestRuntimeClasspath,debugAndroidTestCompileClasspath,debugCompileClasspath,debugLintChecksClasspath,debugRuntimeClasspath,debugUnitTestCompileClasspath,debugUnitTestRuntimeClasspath
org.jetbrains.kotlinx:kotlinx-coroutines-bom:1.10.2=baseDebugAndroidTestCompileClasspath,baseDebugAndroidTestRuntimeClasspath,baseDebugCompileClasspath,baseDebugRuntimeClasspath,baseDebugUnitTestCompileClasspath,baseDebugUnitTestRuntimeClasspath,debugAndroidTestCompileClasspath,debugAndroidTestRuntimeClasspath,debugCompileClasspath,debugLintChecksClasspath,debugRuntimeClasspath,debugUnitTestCompileClasspath,debugUnitTestRuntimeClasspath
org.jetbrains.kotlinx:kotlinx-coroutines-core-jvm:1.10.2=baseDebugAndroidTestCompileClasspath,baseDebugAndroidTestRuntimeClasspath,baseDebugCompileClasspath,baseDebugRuntimeClasspath,baseDebugUnitTestCompileClasspath,baseDebugUnitTestRuntimeClasspath,debugAndroidTestCompileClasspath,debugAndroidTestRuntimeClasspath,debugCompileClasspath,debugLintChecksClasspath,debugRuntimeClasspath,debugUnitTestCompileClasspath,debugUnitTestRuntimeClasspath
org.jetbrains.kotlinx:kotlinx-coroutines-core-jvm:1.8.0=kotlinBuildToolsApiClasspath,kotlinCompilerClasspath
org.jetbrains.kotlinx:kotlinx-coroutines-core:1.10.2=baseDebugAndroidTestCompileClasspath,baseDebugAndroidTestRuntimeClasspath,baseDebugCompileClasspath,baseDebugRuntimeClasspath,baseDebugUnitTestCompileClasspath,baseDebugUnitTestRuntimeClasspath,debugAndroidTestCompileClasspath,debugAndroidTestRuntimeClasspath,debugCompileClasspath,debugLintChecksClasspath,debugRuntimeClasspath,debugUnitTestCompileClasspath,debugUnitTestRuntimeClasspath
org.jetbrains.kotlinx:kotlinx-serialization-bom:1.7.3=baseDebugAndroidTestCompileClasspath,baseDebugCompileClasspath,baseDebugRuntimeClasspath,baseDebugUnitTestCompileClasspath,baseDebugUnitTestRuntimeClasspath,debugAndroidTestCompileClasspath,debugCompileClasspath,debugLintChecksClasspath,debugRuntimeClasspath,debugUnitTestCompileClasspath,debugUnitTestRuntimeClasspath
org.jetbrains.kotlinx:kotlinx-serialization-bom:1.8.1=baseDebugAnnotationProcessorClasspath
org.jetbrains.kotlinx:kotlinx-serialization-core-jvm:1.7.3=baseDebugAndroidTestCompileClasspath,baseDebugCompileClasspath,baseDebugRuntimeClasspath,baseDebugUnitTestCompileClasspath,baseDebugUnitTestRuntimeClasspath,debugAndroidTestCompileClasspath,debugCompileClasspath,debugLintChecksClasspath,debugRuntimeClasspath,debugUnitTestCompileClasspath,debugUnitTestRuntimeClasspath
org.jetbrains.kotlinx:kotlinx-serialization-core-jvm:1.8.1=baseDebugAnnotationProcessorClasspath
org.jetbrains.kotlinx:kotlinx-serialization-core:1.7.3=baseDebugAndroidTestCompileClasspath,baseDebugCompileClasspath,baseDebugRuntimeClasspath,baseDebugUnitTestCompileClasspath,baseDebugUnitTestRuntimeClasspath,debugAndroidTestCompileClasspath,debugCompileClasspath,debugLintChecksClasspath,debugRuntimeClasspath,debugUnitTestCompileClasspath,debugUnitTestRuntimeClasspath
org.jetbrains.kotlinx:kotlinx-serialization-core:1.8.1=baseDebugAnnotationProcessorClasspath
org.jetbrains.kotlinx:kotlinx-serialization-json-jvm:1.8.1=baseDebugAnnotationProcessorClasspath
org.jetbrains.kotlinx:kotlinx-serialization-json:1.8.1=baseDebugAnnotationProcessorClasspath
org.jetbrains:annotations:13.0=baseDebugAnnotationProcessorClasspath,kotlinBuildToolsApiClasspath,kotlinCompilerClasspath
org.jetbrains:annotations:23.0.0=baseDebugAndroidTestCompileClasspath,baseDebugAndroidTestRuntimeClasspath,baseDebugCompileClasspath,baseDebugRuntimeClasspath,baseDebugUnitTestCompileClasspath,baseDebugUnitTestRuntimeClasspath,debugAndroidTestCompileClasspath,debugAndroidTestRuntimeClasspath,debugCompileClasspath,debugLintChecksClasspath,debugRuntimeClasspath,debugUnitTestCompileClasspath,debugUnitTestRuntimeClasspath
org.jspecify:jspecify:1.0.0=baseDebugAndroidTestCompileClasspath,baseDebugAndroidTestRuntimeClasspath,baseDebugAnnotationProcessorClasspath,baseDebugCompileClasspath,baseDebugRuntimeClasspath,baseDebugUnitTestCompileClasspath,baseDebugUnitTestRuntimeClasspath,debugAndroidTestCompileClasspath,debugAndroidTestRuntimeClasspath,debugCompileClasspath,debugLintChecksClasspath,debugRuntimeClasspath,debugUnitTestCompileClasspath,debugUnitTestRuntimeClasspath
org.xerial:sqlite-jdbc:3.41.2.2=baseDebugAnnotationProcessorClasspath
empty=androidApis,androidJdkImage,baseDebugAndroidTestAnnotationProcessorClasspath,baseDebugReverseMetadataValues,baseDebugUnitTestAnnotationProcessorClasspath,debugAndroidTestAnnotationProcessorClasspath,debugAnnotationProcessorClasspath,debugReverseMetadataValues,debugUnitTestAnnotationProcessorClasspath,kotlinCompilerPluginClasspath,lintChecks
